
Microsoft Visual Studio Solution File, Format Version 12.00
# Visual Studio Version 17
VisualStudioVersion = 17.12.35514.174
MinimumVisualStudioVersion = 10.0.40219.1
Project("{FAE04EC0-301F-11D3-BF4B-00C04F79EFBC}") = "StrategyPattern", "StrategyPattern\StrategyPattern.csproj", "{8D973489-2312-437F-B7FC-778E529C30A4}"
EndProject
Project("{FAE04EC0-301F-11D3-BF4B-00C04F79EFBC}") = "StrategyPatternTest", "StrategyPatternTest\StrategyPatternTest.csproj", "{8B15E94B-D6F1-4CF0-9FD1-B9A6E8D26F12}"
EndProject
Global
	GlobalSection(SolutionConfigurationPlatforms) = preSolution
		Debug|Any CPU = Debug|Any CPU
		Release|Any CPU = Release|Any CPU
	EndGlobalSection
	GlobalSection(ProjectConfigurationPlatforms) = postSolution
		{8D973489-2312-437F-B7FC-778E529C30A4}.Debug|Any CPU.ActiveCfg = Debug|Any CPU
		{8D973489-2312-437F-B7FC-778E529C30A4}.Debug|Any CPU.Build.0 = Debug|Any CPU
		{8D973489-2312-437F-B7FC-778E529C30A4}.Release|Any CPU.ActiveCfg = Release|Any CPU
		{8D973489-2312-437F-B7FC-778E529C30A4}.Release|Any CPU.Build.0 = Release|Any CPU
		{8B15E94B-D6F1-4CF0-9FD1-B9A6E8D26F12}.Debug|Any CPU.ActiveCfg = Debug|Any CPU
		{8B15E94B-D6F1-4CF0-9FD1-B9A6E8D26F12}.Debug|Any CPU.Build.0 = Debug|Any CPU
		{8B15E94B-D6F1-4CF0-9FD1-B9A6E8D26F12}.Release|Any CPU.ActiveCfg = Release|Any CPU
		{8B15E94B-D6F1-4CF0-9FD1-B9A6E8D26F12}.Release|Any CPU.Build.0 = Release|Any CPU
	EndGlobalSection
	GlobalSection(SolutionProperties) = preSolution
		HideSolutionNode = FALSE
	EndGlobalSection
EndGlobal
